// !$*UTF8*$!
{
	archiveVersion = 1;
	classes = {
	};
	objectVersion = 77;
	objects = {

/* Begin PBXBuildFile section */
		09215C16E5BB910367FEF50A /* AppIcon.icns in Resources */ = {isa = PBXBuildFile; fileRef = 60A5BB6D531AA86EEE104DA0 /* AppIcon.icns */; };
		290A61658842E938609EBE27 /* OverlayView.swift in Sources */ = {isa = PBXBuildFile; fileRef = 593B23DD1D2B45010C9F48F2 /* OverlayView.swift */; };
		31B754E032928FCE89A0A595 /* GPUANESampler.swift in Sources */ = {isa = PBXBuildFile; fileRef = BC2EEA28E2E5AE7D45FC6B55 /* GPUANESampler.swift */; };
		687184BC9F2ED79229FBABA3 /* CPUUsageSampler.swift in Sources */ = {isa = PBXBuildFile; fileRef = 0F7AC389C4B61CFC102EE1C6 /* CPUUsageSampler.swift */; };
		87857338D04170B58A6B7FB2 /* Icon.png in Resources */ = {isa = PBXBuildFile; fileRef = 0CF6E56867DDEA10A86DFEFF /* Icon.png */; };
		E12D2FEA407369BA27E2C71F /* CPU_MeterApp.swift in Sources */ = {isa = PBXBuildFile; fileRef = 3A11F0F57854BF67C49FC10B /* CPU_MeterApp.swift */; };
/* End PBXBuildFile section */

/* Begin PBXFileReference section */
		0CF6E56867DDEA10A86DFEFF /* Icon.png */ = {isa = PBXFileReference; lastKnownFileType = image.png; path = Icon.png; sourceTree = "<group>"; };
		0F7AC389C4B61CFC102EE1C6 /* CPUUsageSampler.swift */ = {isa = PBXFileReference; lastKnownFileType = sourcecode.swift; path = CPUUsageSampler.swift; sourceTree = "<group>"; };
		3A11F0F57854BF67C49FC10B /* CPU_MeterApp.swift */ = {isa = PBXFileReference; lastKnownFileType = sourcecode.swift; path = CPU_MeterApp.swift; sourceTree = "<group>"; };
		593B23DD1D2B45010C9F48F2 /* OverlayView.swift */ = {isa = PBXFileReference; lastKnownFileType = sourcecode.swift; path = OverlayView.swift; sourceTree = "<group>"; };
		60A5BB6D531AA86EEE104DA0 /* AppIcon.icns */ = {isa = PBXFileReference; lastKnownFileType = image.icns; path = AppIcon.icns; sourceTree = "<group>"; };
		88655B13CD8885F9C1ABCFDE /* CPU_Meter.app */ = {isa = PBXFileReference; explicitFileType = wrapper.application; includeInIndex = 0; path = CPU_Meter.app; sourceTree = BUILT_PRODUCTS_DIR; };
		BC2EEA28E2E5AE7D45FC6B55 /* GPUANESampler.swift */ = {isa = PBXFileReference; lastKnownFileType = sourcecode.swift; path = GPUANESampler.swift; sourceTree = "<group>"; };
		F1FB83705B6B0E4DD88A13C0 /* .gitkeep */ = {isa = PBXFileReference; path = .gitkeep; sourceTree = "<group>"; };
/* End PBXFileReference section */

/* Begin PBXGroup section */
		6AB5947CF239F172AC825CD4 /* Resources */ = {
			isa = PBXGroup;
			children = (
				60A5BB6D531AA86EEE104DA0 /* AppIcon.icns */,
				0CF6E56867DDEA10A86DFEFF /* Icon.png */,
			);
			path = Resources;
			sourceTree = "<group>";
		};
		B2FB5D91F359EC6BAB3E5B5D = {
			isa = PBXGroup;
			children = (
				6AB5947CF239F172AC825CD4 /* Resources */,
				BCCC2AF9E4FFC2551CC11B4C /* Sources */,
				CC7C4A3B7598994683610E6D /* Products */,
			);
			sourceTree = "<group>";
		};
		BCCC2AF9E4FFC2551CC11B4C /* Sources */ = {
			isa = PBXGroup;
			children = (
				F1FB83705B6B0E4DD88A13C0 /* .gitkeep */,
				3A11F0F57854BF67C49FC10B /* CPU_MeterApp.swift */,
				0F7AC389C4B61CFC102EE1C6 /* CPUUsageSampler.swift */,
				BC2EEA28E2E5AE7D45FC6B55 /* GPUANESampler.swift */,
				593B23DD1D2B45010C9F48F2 /* OverlayView.swift */,
			);
			path = Sources;
			sourceTree = "<group>";
		};
		CC7C4A3B7598994683610E6D /* Products */ = {
			isa = PBXGroup;
			children = (
				88655B13CD8885F9C1ABCFDE /* CPU_Meter.app */,
			);
			name = Products;
			sourceTree = "<group>";
		};
/* End PBXGroup section */

/* Begin PBXNativeTarget section */
		185DC716EAF587E38A5EEE47 /* CPU_Meter */ = {
			isa = PBXNativeTarget;
			buildConfigurationList = 6EE3A78370EC8DC31144CC42 /* Build configuration list for PBXNativeTarget "CPU_Meter" */;
			buildPhases = (
				4BD27F9509E1C58F118FA7D2 /* Sources */,
				F8BB6BADD6CBDC1D880DE69D /* Resources */,
			);
			buildRules = (
			);
			dependencies = (
			);
			name = CPU_Meter;
			packageProductDependencies = (
			);
			productName = CPU_Meter;
			productReference = 88655B13CD8885F9C1ABCFDE /* CPU_Meter.app */;
			productType = "com.apple.product-type.application";
		};
/* End PBXNativeTarget section */

/* Begin PBXProject section */
		6A1EAA6D875B9C1388BC9B99 /* Project object */ = {
			isa = PBXProject;
			attributes = {
				BuildIndependentTargetsInParallel = YES;
				LastUpgradeCheck = 1430;
				TargetAttributes = {
					185DC716EAF587E38A5EEE47 = {
						DevelopmentTeam = "";
						ProvisioningStyle = Manual;
					};
				};
			};
			buildConfigurationList = 5536FEF8BFFA372A6917D2C4 /* Build configuration list for PBXProject "CPU_Meter" */;
			compatibilityVersion = "Xcode 14.0";
			developmentRegion = en;
			hasScannedForEncodings = 0;
			knownRegions = (
				Base,
				en,
			);
			mainGroup = B2FB5D91F359EC6BAB3E5B5D;
			minimizedProjectReferenceProxies = 1;
			preferredProjectObjectVersion = 77;
			projectDirPath = "";
			projectRoot = "";
			targets = (
				185DC716EAF587E38A5EEE47 /* CPU_Meter */,
			);
		};
/* End PBXProject section */

/* Begin PBXResourcesBuildPhase section */
		F8BB6BADD6CBDC1D880DE69D /* Resources */ = {
			isa = PBXResourcesBuildPhase;
			buildActionMask = 2147483647;
			files = (
				09215C16E5BB910367FEF50A /* AppIcon.icns in Resources */,
				87857338D04170B58A6B7FB2 /* Icon.png in Resources */,
			);
			runOnlyForDeploymentPostprocessing = 0;
		};
/* End PBXResourcesBuildPhase section */

/* Begin PBXSourcesBuildPhase section */
		4BD27F9509E1C58F118FA7D2 /* Sources */ = {
			isa = PBXSourcesBuildPhase;
			buildActionMask = 2147483647;
			files = (
				687184BC9F2ED79229FBABA3 /* CPUUsageSampler.swift in Sources */,
				E12D2FEA407369BA27E2C71F /* CPU_MeterApp.swift in Sources */,
				31B754E032928FCE89A0A595 /* GPUANESampler.swift in Sources */,
				290A61658842E938609EBE27 /* OverlayView.swift in Sources */,
			);
			runOnlyForDeploymentPostprocessing = 0;
		};
/* End PBXSourcesBuildPhase section */

/* Begin XCBuildConfiguration section */
		2C79A5FE9E510A1BD313233E /* Debug */ = {
			isa = XCBuildConfiguration;
			buildSettings = {
				ALWAYS_SEARCH_USER_PATHS = NO;
				CLANG_ANALYZER_NONNULL = YES;
				CLANG_ANALYZER_NUMBER_OBJECT_CONVERSION = YES_AGGRESSIVE;
				CLANG_CXX_LANGUAGE_STANDARD = "gnu++14";
				CLANG_CXX_LIBRARY = "libc++";
				CLANG_ENABLE_MODULES = YES;
				CLANG_ENABLE_OBJC_ARC = YES;
				CLANG_ENABLE_OBJC_WEAK = YES;
				CLANG_WARN_BLOCK_CAPTURE_AUTORELEASING = YES;
				CLANG_WARN_BOOL_CONVERSION = YES;
				CLANG_WARN_COMMA = YES;
				CLANG_WARN_CONSTANT_CONVERSION = YES;
				CLANG_WARN_DEPRECATED_OBJC_IMPLEMENTATIONS = YES;
				CLANG_WARN_DIRECT_OBJC_ISA_USAGE = YES_ERROR;
				CLANG_WARN_DOCUMENTATION_COMMENTS = YES;
				CLANG_WARN_EMPTY_BODY = YES;
				CLANG_WARN_ENUM_CONVERSION = YES;
				CLANG_WARN_INFINITE_RECURSION = YES;
				CLANG_WARN_INT_CONVERSION = YES;
				CLANG_WARN_NON_LITERAL_NULL_CONVERSION = YES;
				CLANG_WARN_OBJC_IMPLICIT_RETAIN_SELF = YES;
				CLANG_WARN_OBJC_LITERAL_CONVERSION = YES;
				CLANG_WARN_OBJC_ROOT_CLASS = YES_ERROR;
				CLANG_WARN_QUOTED_INCLUDE_IN_FRAMEWORK_HEADER = YES;
				CLANG_WARN_RANGE_LOOP_ANALYSIS = YES;
				CLANG_WARN_STRICT_PROTOTYPES = YES;
				CLANG_WARN_SUSPICIOUS_MOVE = YES;
				CLANG_WARN_UNGUARDED_AVAILABILITY = YES_AGGRESSIVE;
				CLANG_WARN_UNREACHABLE_CODE = YES;
				CLANG_WARN__DUPLICATE_METHOD_MATCH = YES;
				COPY_PHASE_STRIP = NO;
				DEBUG_INFORMATION_FORMAT = dwarf;
				ENABLE_STRICT_OBJC_MSGSEND = YES;
				ENABLE_TESTABILITY = YES;
				GCC_C_LANGUAGE_STANDARD = gnu11;
				GCC_DYNAMIC_NO_PIC = NO;
				GCC_NO_COMMON_BLOCKS = YES;
				GCC_OPTIMIZATION_LEVEL = 0;
				GCC_PREPROCESSOR_DEFINITIONS = (
					"$(inherited)",
					"DEBUG=1",
				);
				GCC_WARN_64_TO_32_BIT_CONVERSION = YES;
				GCC_WARN_ABOUT_RETURN_TYPE = YES_ERROR;
				GCC_WARN_UNDECLARED_SELECTOR = YES;
				GCC_WARN_UNINITIALIZED_AUTOS = YES_AGGRESSIVE;
				GCC_WARN_UNUSED_FUNCTION = YES;
				GCC_WARN_UNUSED_VARIABLE = YES;
				MTL_ENABLE_DEBUG_INFO = INCLUDE_SOURCE;
				MTL_FAST_MATH = YES;
				ONLY_ACTIVE_ARCH = YES;
				PRODUCT_NAME = "$(TARGET_NAME)";
				SDKROOT = macosx;
				SWIFT_ACTIVE_COMPILATION_CONDITIONS = DEBUG;
				SWIFT_OPTIMIZATION_LEVEL = "-Onone";
				SWIFT_VERSION = 5.0;
			};
			name = Debug;
		};
		79E150E8DA7345D9FE3C1DE2 /* Debug */ = {
			isa = XCBuildConfiguration;
			buildSettings = {
				ASSETCATALOG_COMPILER_APPICON_NAME = AppIcon;
				CODE_SIGN_IDENTITY = "-";
				CODE_SIGN_STYLE = Manual;
				COMBINE_HIDPI_IMAGES = YES;
				DEVELOPMENT_TEAM = "";
				INFOPLIST_FILE = Info.plist;
				LD_RUNPATH_SEARCH_PATHS = (
					"$(inherited)",
					"@executable_path/../Frameworks",
				);
				PRODUCT_BUNDLE_IDENTIFIER = "com.jbelvoncik.cpu-meter";
				SDKROOT = macosx;
			};
			name = Debug;
		};
		92072CAF20FC0269E6A1CF4E /* Release */ = {
			isa = XCBuildConfiguration;
			buildSettings = {
				ALWAYS_SEARCH_USER_PATHS = NO;
				CLANG_ANALYZER_NONNULL = YES;
				CLANG_ANALYZER_NUMBER_OBJECT_CONVERSION = YES_AGGRESSIVE;
				CLANG_CXX_LANGUAGE_STANDARD = "gnu++14";
				CLANG_CXX_LIBRARY = "libc++";
				CLANG_ENABLE_MODULES = YES;
				CLANG_ENABLE_OBJC_ARC = YES;
				CLANG_ENABLE_OBJC_WEAK = YES;
				CLANG_WARN_BLOCK_CAPTURE_AUTORELEASING = YES;
				CLANG_WARN_BOOL_CONVERSION = YES;
				CLANG_WARN_COMMA = YES;
				CLANG_WARN_CONSTANT_CONVERSION = YES;
				CLANG_WARN_DEPRECATED_OBJC_IMPLEMENTATIONS = YES;
				CLANG_WARN_DIRECT_OBJC_ISA_USAGE = YES_ERROR;
				CLANG_WARN_DOCUMENTATION_COMMENTS = YES;
				CLANG_WARN_EMPTY_BODY = YES;
				CLANG_WARN_ENUM_CONVERSION = YES;
				CLANG_WARN_INFINITE_RECURSION = YES;
				CLANG_WARN_INT_CONVERSION = YES;
				CLANG_WARN_NON_LITERAL_NULL_CONVERSION = YES;
				CLANG_WARN_OBJC_IMPLICIT_RETAIN_SELF = YES;
				CLANG_WARN_OBJC_LITERAL_CONVERSION = YES;
				CLANG_WARN_OBJC_ROOT_CLASS = YES_ERROR;
				CLANG_WARN_QUOTED_INCLUDE_IN_FRAMEWORK_HEADER = YES;
				CLANG_WARN_RANGE_LOOP_ANALYSIS = YES;
				CLANG_WARN_STRICT_PROTOTYPES = YES;
				CLANG_WARN_SUSPICIOUS_MOVE = YES;
				CLANG_WARN_UNGUARDED_AVAILABILITY = YES_AGGRESSIVE;
				CLANG_WARN_UNREACHABLE_CODE = YES;
				CLANG_WARN__DUPLICATE_METHOD_MATCH = YES;
				COPY_PHASE_STRIP = NO;
				DEBUG_INFORMATION_FORMAT = "dwarf-with-dsym";
				ENABLE_NS_ASSERTIONS = NO;
				ENABLE_STRICT_OBJC_MSGSEND = YES;
				GCC_C_LANGUAGE_STANDARD = gnu11;
				GCC_NO_COMMON_BLOCKS = YES;
				GCC_WARN_64_TO_32_BIT_CONVERSION = YES;
				GCC_WARN_ABOUT_RETURN_TYPE = YES_ERROR;
				GCC_WARN_UNDECLARED_SELECTOR = YES;
				GCC_WARN_UNINITIALIZED_AUTOS = YES_AGGRESSIVE;
				GCC_WARN_UNUSED_FUNCTION = YES;
				GCC_WARN_UNUSED_VARIABLE = YES;
				MTL_ENABLE_DEBUG_INFO = NO;
				MTL_FAST_MATH = YES;
				PRODUCT_NAME = "$(TARGET_NAME)";
				SDKROOT = macosx;
				SWIFT_COMPILATION_MODE = wholemodule;
				SWIFT_OPTIMIZATION_LEVEL = "-O";
				SWIFT_VERSION = 5.0;
			};
			name = Release;
		};
		ADD2F97D17F00552EAD7A423 /* Release */ = {
			isa = XCBuildConfiguration;
			buildSettings = {
				ASSETCATALOG_COMPILER_APPICON_NAME = AppIcon;
				CODE_SIGN_IDENTITY = "-";
				CODE_SIGN_STYLE = Manual;
				COMBINE_HIDPI_IMAGES = YES;
				DEVELOPMENT_TEAM = "";
				INFOPLIST_FILE = Info.plist;
				LD_RUNPATH_SEARCH_PATHS = (
					"$(inherited)",
					"@executable_path/../Frameworks",
				);
				PRODUCT_BUNDLE_IDENTIFIER = "com.jbelvoncik.cpu-meter";
				SDKROOT = macosx;
			};
			name = Release;
		};
/* End XCBuildConfiguration section */

/* Begin XCConfigurationList section */
		5536FEF8BFFA372A6917D2C4 /* Build configuration list for PBXProject "CPU_Meter" */ = {
			isa = XCConfigurationList;
			buildConfigurations = (
				2C79A5FE9E510A1BD313233E /* Debug */,
				92072CAF20FC0269E6A1CF4E /* Release */,
			);
			defaultConfigurationIsVisible = 0;
			defaultConfigurationName = Debug;
		};
		6EE3A78370EC8DC31144CC42 /* Build configuration list for PBXNativeTarget "CPU_Meter" */ = {
			isa = XCConfigurationList;
			buildConfigurations = (
				79E150E8DA7345D9FE3C1DE2 /* Debug */,
				ADD2F97D17F00552EAD7A423 /* Release */,
			);
			defaultConfigurationIsVisible = 0;
			defaultConfigurationName = Debug;
		};
/* End XCConfigurationList section */
	};
	rootObject = 6A1EAA6D875B9C1388BC9B99 /* Project object */;
}
