// !$*UTF8*$!
{
	archiveVersion = 1;
	classes = {
	};
	objectVersion = 77;
	objects = {

/* Begin PBXBuildFile section */
		0550043341BB252941EDF50A /* commit-msg.sample in Resources */ = {isa = PBXBuildFile; fileRef = CA77CC609FBD73A362E743AB /* commit-msg.sample */; };
		06F4DF70544C5F17ADEF3199 /* prepare-commit-msg.sample in Resources */ = {isa = PBXBuildFile; fileRef = 544DFF985596EF378D5A07D2 /* prepare-commit-msg.sample */; };
		144E4D8855F00991DCF8992F /* applypatch-msg.sample in Resources */ = {isa = PBXBuildFile; fileRef = 2D4366B093F1AECF46FF092E /* applypatch-msg.sample */; };
		1D9E4F4B48AFDF79165AFD46 /* pre-push.sample in Resources */ = {isa = PBXBuildFile; fileRef = D98406334F1CC3D6D7776BEB /* pre-push.sample */; };
		28DBF0ED4B1AC2D03D08D9B6 /* sendemail-validate.sample in Resources */ = {isa = PBXBuildFile; fileRef = 21CA2213A98C7A47C2C7B6C2 /* sendemail-validate.sample */; };
		35CF22847C482579CF28DD62 /* pre-merge-commit.sample in Resources */ = {isa = PBXBuildFile; fileRef = 42B4D044071B9263BFE2CC10 /* pre-merge-commit.sample */; };
		37C95386CDF055B37526A3FA /* post-update.sample in Resources */ = {isa = PBXBuildFile; fileRef = 1343902882C3C203B2BE8C92 /* post-update.sample */; };
		3A201F25CD3977BBB8040444 /* update.sample in Resources */ = {isa = PBXBuildFile; fileRef = 35B9D776626D765223ABEA47 /* update.sample */; };
		45BB52FF001CEB0A1483CDCF /* OverlayView.swift in Sources */ = {isa = PBXBuildFile; fileRef = 062E5C7A09471FB20ACB23F9 /* OverlayView.swift */; };
		4D18D06B0BFF3095ED637432 /* fsmonitor-watchman.sample in Resources */ = {isa = PBXBuildFile; fileRef = 9736D59D997124211AFAECDB /* fsmonitor-watchman.sample */; };
		78A76A1EE26A385FFCFE9BD8 /* pre-applypatch.sample in Resources */ = {isa = PBXBuildFile; fileRef = 65C27A9285A471FE1107DC3F /* pre-applypatch.sample */; };
		7AF2638C39A291E98170F3E0 /* push-to-checkout.sample in Resources */ = {isa = PBXBuildFile; fileRef = A3E9C6323FD5DC8307D77F4E /* push-to-checkout.sample */; };
		7CEEAAFC909603529F9190C2 /* CPUUsageSampler.swift in Sources */ = {isa = PBXBuildFile; fileRef = 7B041F5B0797FE93A15513B2 /* CPUUsageSampler.swift */; };
		82EE1DC7CCCEECCACA761D3E /* README.md in Resources */ = {isa = PBXBuildFile; fileRef = EEB0FA22F3E649B8BD4EAD6D /* README.md */; };
		901B6C3E31372F0EC8BD1857 /* pre-commit.sample in Resources */ = {isa = PBXBuildFile; fileRef = 0FDF69726AFF78D5406CEB70 /* pre-commit.sample */; };
		B970EE71EBC7BEF191F4FE5B /* project.yml in Resources */ = {isa = PBXBuildFile; fileRef = 24CF8243D6FFB87A698556AE /* project.yml */; };
		C90F3B53644D1C2C1FF37BF7 /* GPUANESampler.swift in Sources */ = {isa = PBXBuildFile; fileRef = 90450665C714F67C70BD3677 /* GPUANESampler.swift */; };
		CC85488D0341A0F5639D0711 /* pre-receive.sample in Resources */ = {isa = PBXBuildFile; fileRef = 510800803C51420714C704AB /* pre-receive.sample */; };
		D5D71B9D995C8F99AA51F26B /* CPU_MeterApp.swift in Sources */ = {isa = PBXBuildFile; fileRef = 64CDA45E673F839BBDDF210B /* CPU_MeterApp.swift */; };
		ECF1557C86752A65DFB089BA /* pre-rebase.sample in Resources */ = {isa = PBXBuildFile; fileRef = 3AA49E6E44BE1EF297E5CE5D /* pre-rebase.sample */; };
		F622969BA31FCB8325346074 /* CPU_Meter.xcodeproj in Resources */ = {isa = PBXBuildFile; fileRef = 8409101901742F156EAC82B7 /* CPU_Meter.xcodeproj */; };
/* End PBXBuildFile section */

/* Begin PBXFileReference section */
		01ABF00D670C68EBDAB57FAB /* ff202af8e9a0f5b02548331e4a66ce1dc9eb48 */ = {isa = PBXFileReference; path = ff202af8e9a0f5b02548331e4a66ce1dc9eb48; sourceTree = "<group>"; };
		029EC898711FA28920E577A9 /* 42aded2048c4e5e40ad9c55d676e74d2073e41 */ = {isa = PBXFileReference; path = 42aded2048c4e5e40ad9c55d676e74d2073e41; sourceTree = "<group>"; };
		0579E3B955CEC5B78EA22011 /* d5c698b190d70a75b90985b08e6272610a471a */ = {isa = PBXFileReference; path = d5c698b190d70a75b90985b08e6272610a471a; sourceTree = "<group>"; };
		062E5C7A09471FB20ACB23F9 /* OverlayView.swift */ = {isa = PBXFileReference; lastKnownFileType = sourcecode.swift; path = OverlayView.swift; sourceTree = "<group>"; };
		0C461C787F192E1DCAD90B33 /* 7ddfabb38bceef52d811de7389a441b2f0b619 */ = {isa = PBXFileReference; path = 7ddfabb38bceef52d811de7389a441b2f0b619; sourceTree = "<group>"; };
		0D90F44A274698043FA6820C /* 22605dc27584c7f02056f31d2eb236b33dfa61 */ = {isa = PBXFileReference; path = 22605dc27584c7f02056f31d2eb236b33dfa61; sourceTree = "<group>"; };
		0FDF69726AFF78D5406CEB70 /* pre-commit.sample */ = {isa = PBXFileReference; path = "pre-commit.sample"; sourceTree = "<group>"; };
		111049949319DB7E62F76EA9 /* 53f3655ba104421b23efbef49cc3addfefa941 */ = {isa = PBXFileReference; path = 53f3655ba104421b23efbef49cc3addfefa941; sourceTree = "<group>"; };
		1343902882C3C203B2BE8C92 /* post-update.sample */ = {isa = PBXFileReference; path = "post-update.sample"; sourceTree = "<group>"; };
		14B9FBE88C926EF3B8BCE000 /* f93125c024f76b3c280b982d39bf7af61dd8c3 */ = {isa = PBXFileReference; path = f93125c024f76b3c280b982d39bf7af61dd8c3; sourceTree = "<group>"; };
		18BAC55A6E2C3834D5190178 /* 9434a6254f0e9651f402737811be6634a03e9c */ = {isa = PBXFileReference; path = 9434a6254f0e9651f402737811be6634a03e9c; sourceTree = "<group>"; };
		19944DA43CA40CDF59900B98 /* f87d73a2e649c8e08dbbb87332e5b953032468 */ = {isa = PBXFileReference; path = f87d73a2e649c8e08dbbb87332e5b953032468; sourceTree = "<group>"; };
		19A77C04984E14DA190D12FF /* COMMIT_EDITMSG */ = {isa = PBXFileReference; path = COMMIT_EDITMSG; sourceTree = "<group>"; };
		19CA9818B77674505908CBF9 /* 124a18d05765bc7e356169ff85ef2b92bb6289 */ = {isa = PBXFileReference; path = 124a18d05765bc7e356169ff85ef2b92bb6289; sourceTree = "<group>"; };
		1BCF19B18FFFA8616D1FCDDB /* 9389f46cca3988593c9e1cab9274c55b110ad3 */ = {isa = PBXFileReference; path = 9389f46cca3988593c9e1cab9274c55b110ad3; sourceTree = "<group>"; };
		21CA2213A98C7A47C2C7B6C2 /* sendemail-validate.sample */ = {isa = PBXFileReference; path = "sendemail-validate.sample"; sourceTree = "<group>"; };
		2211BD4EC650D3B295D4F226 /* a4f978e82cd411b2f1f5ef01327f4b605a04e6 */ = {isa = PBXFileReference; path = a4f978e82cd411b2f1f5ef01327f4b605a04e6; sourceTree = "<group>"; };
		24CF8243D6FFB87A698556AE /* project.yml */ = {isa = PBXFileReference; lastKnownFileType = text.yaml; path = project.yml; sourceTree = "<group>"; };
		2D4366B093F1AECF46FF092E /* applypatch-msg.sample */ = {isa = PBXFileReference; path = "applypatch-msg.sample"; sourceTree = "<group>"; };
		2E725F51B5AA8843E401E6D5 /* 64d0bc3dd917926892c55e3706cc116d5b165e */ = {isa = PBXFileReference; path = 64d0bc3dd917926892c55e3706cc116d5b165e; sourceTree = "<group>"; };
		32E6D7C9413C18FCDF31935F /* c19cc17a1d6452956495c8f392c3673f08a9eb */ = {isa = PBXFileReference; path = c19cc17a1d6452956495c8f392c3673f08a9eb; sourceTree = "<group>"; };
		35B9D776626D765223ABEA47 /* update.sample */ = {isa = PBXFileReference; path = update.sample; sourceTree = "<group>"; };
		36A49348FF321F5ED29AB4EB /* 8e3f6bc49e6f288f56709aa611a2840afccc8c */ = {isa = PBXFileReference; path = 8e3f6bc49e6f288f56709aa611a2840afccc8c; sourceTree = "<group>"; };
		3AA49E6E44BE1EF297E5CE5D /* pre-rebase.sample */ = {isa = PBXFileReference; path = "pre-rebase.sample"; sourceTree = "<group>"; };
		3BC04B5A404E0D2B28FFB97B /* 587a5dee963070d3572f23562fe604f2f073c6 */ = {isa = PBXFileReference; path = 587a5dee963070d3572f23562fe604f2f073c6; sourceTree = "<group>"; };
		405BA53F9BCD018E61E207E3 /* description */ = {isa = PBXFileReference; path = description; sourceTree = "<group>"; };
		42B4D044071B9263BFE2CC10 /* pre-merge-commit.sample */ = {isa = PBXFileReference; path = "pre-merge-commit.sample"; sourceTree = "<group>"; };
		42C04BFAC6039958E07424A6 /* main */ = {isa = PBXFileReference; path = main; sourceTree = "<group>"; };
		44C99910E6E23C4EE1DB6B12 /* 24e06a50f8631dab5d7f071f3ecc1050b99872 */ = {isa = PBXFileReference; path = 24e06a50f8631dab5d7f071f3ecc1050b99872; sourceTree = "<group>"; };
		44DFC11F79FB1B6F08FFBA2F /* HEAD */ = {isa = PBXFileReference; path = HEAD; sourceTree = "<group>"; };
		44E165E59DAD6B9BDF6615B2 /* 077d09214d1f9307a9708bb2f148b8e8a677fb */ = {isa = PBXFileReference; path = 077d09214d1f9307a9708bb2f148b8e8a677fb; sourceTree = "<group>"; };
		4871D7D3D97569872F9BD46A /* a3503032eaaeab707215d610ae6bbbcdb2ee60 */ = {isa = PBXFileReference; path = a3503032eaaeab707215d610ae6bbbcdb2ee60; sourceTree = "<group>"; };
		494410D07102601FE1BD392C /* Info.plist */ = {isa = PBXFileReference; lastKnownFileType = text.plist; path = Info.plist; sourceTree = "<group>"; };
		4B76EF1D601254FCC2D88974 /* b6f1c9ef22d1b85b84e4f5a7bb9e979978505f */ = {isa = PBXFileReference; path = b6f1c9ef22d1b85b84e4f5a7bb9e979978505f; sourceTree = "<group>"; };
		510800803C51420714C704AB /* pre-receive.sample */ = {isa = PBXFileReference; path = "pre-receive.sample"; sourceTree = "<group>"; };
		51693F9398C617EAA70BE5F1 /* main */ = {isa = PBXFileReference; path = main; sourceTree = "<group>"; };
		5278F4C6B80AA437B92E1461 /* 14371f5645359a15a5ea8b89ab5b77ff346ab4 */ = {isa = PBXFileReference; path = 14371f5645359a15a5ea8b89ab5b77ff346ab4; sourceTree = "<group>"; };
		544DFF985596EF378D5A07D2 /* prepare-commit-msg.sample */ = {isa = PBXFileReference; path = "prepare-commit-msg.sample"; sourceTree = "<group>"; };
		5EB717DF296D94D81FA16788 /* 0f105c4e9b407f02dfbda870ab855170b0db16 */ = {isa = PBXFileReference; path = 0f105c4e9b407f02dfbda870ab855170b0db16; sourceTree = "<group>"; };
		60B321A50635C4EF8E0234F9 /* 86cb1f3cb539af6c4629e8f34757dff6fc0044 */ = {isa = PBXFileReference; path = 86cb1f3cb539af6c4629e8f34757dff6fc0044; sourceTree = "<group>"; };
		6323E25D0062DA7524BA90F7 /* d97ca221e554e945ed2f79314bab7559f1a4c4 */ = {isa = PBXFileReference; path = d97ca221e554e945ed2f79314bab7559f1a4c4; sourceTree = "<group>"; };
		64CDA45E673F839BBDDF210B /* CPU_MeterApp.swift */ = {isa = PBXFileReference; lastKnownFileType = sourcecode.swift; path = CPU_MeterApp.swift; sourceTree = "<group>"; };
		65C27A9285A471FE1107DC3F /* pre-applypatch.sample */ = {isa = PBXFileReference; path = "pre-applypatch.sample"; sourceTree = "<group>"; };
		6AAFD053ADC0335252136AAA /* 15f027b8ecb151216cbb53e9ed3142c86d266c */ = {isa = PBXFileReference; path = 15f027b8ecb151216cbb53e9ed3142c86d266c; sourceTree = "<group>"; };
		6C203F71FA4CEDD4C490D78A /* 70737f2837f989b5f4e432a87ec932aad88824 */ = {isa = PBXFileReference; path = 70737f2837f989b5f4e432a87ec932aad88824; sourceTree = "<group>"; };
		6F586B9879D92620EC60A0D4 /* 2374968a9b343c961b38992d5e5da04d0bad1b */ = {isa = PBXFileReference; path = 2374968a9b343c961b38992d5e5da04d0bad1b; sourceTree = "<group>"; };
		72EE150924C502307E33E0F7 /* 6827f47f492a14fa23ad72c4b1015091b1d93d */ = {isa = PBXFileReference; path = 6827f47f492a14fa23ad72c4b1015091b1d93d; sourceTree = "<group>"; };
		7B041F5B0797FE93A15513B2 /* CPUUsageSampler.swift */ = {isa = PBXFileReference; lastKnownFileType = sourcecode.swift; path = CPUUsageSampler.swift; sourceTree = "<group>"; };
		7DC4561FEC9FE7BC8DACFFC8 /* HEAD */ = {isa = PBXFileReference; path = HEAD; sourceTree = "<group>"; };
		81BAA7B1829CF178851B96E2 /* .gitattributes */ = {isa = PBXFileReference; path = .gitattributes; sourceTree = "<group>"; };
		827DF67D138C9BE66EDC7DE7 /* main */ = {isa = PBXFileReference; path = main; sourceTree = "<group>"; };
		82B80AE6A73F05C6453E4DB7 /* config */ = {isa = PBXFileReference; path = config; sourceTree = "<group>"; };
		82DB1FAFC608B2A6CB5949C8 /* 49843501ee0ec1acfb6bb841cba4d8fbc05d24 */ = {isa = PBXFileReference; path = 49843501ee0ec1acfb6bb841cba4d8fbc05d24; sourceTree = "<group>"; };
		8409101901742F156EAC82B7 /* CPU_Meter.xcodeproj */ = {isa = PBXFileReference; lastKnownFileType = "wrapper.pb-project"; path = CPU_Meter.xcodeproj; sourceTree = "<group>"; };
		88655B13CD8885F9C1ABCFDE /* CPU_Meter.app */ = {isa = PBXFileReference; explicitFileType = wrapper.application; includeInIndex = 0; path = CPU_Meter.app; sourceTree = BUILT_PRODUCTS_DIR; };
		90450665C714F67C70BD3677 /* GPUANESampler.swift */ = {isa = PBXFileReference; lastKnownFileType = sourcecode.swift; path = GPUANESampler.swift; sourceTree = "<group>"; };
		96D145DF110D7E18F3F84C2A /* eef3eea7e128cc7bb035e84ee58723687c7258 */ = {isa = PBXFileReference; path = eef3eea7e128cc7bb035e84ee58723687c7258; sourceTree = "<group>"; };
		9736D59D997124211AFAECDB /* fsmonitor-watchman.sample */ = {isa = PBXFileReference; path = "fsmonitor-watchman.sample"; sourceTree = "<group>"; };
		9CBE692C1C366628D8025FD3 /* .gitkeep */ = {isa = PBXFileReference; path = .gitkeep; sourceTree = "<group>"; };
		A121C0B724DB8C347DA973F6 /* f007c16c4c51866178d3e1d21079e3369c82a6 */ = {isa = PBXFileReference; path = f007c16c4c51866178d3e1d21079e3369c82a6; sourceTree = "<group>"; };
		A2CB67CD7D3B58FFEC3F62D5 /* 55930c4bee8105b5a8ac0cb6b540421e3757ae */ = {isa = PBXFileReference; path = 55930c4bee8105b5a8ac0cb6b540421e3757ae; sourceTree = "<group>"; };
		A3E9C6323FD5DC8307D77F4E /* push-to-checkout.sample */ = {isa = PBXFileReference; path = "push-to-checkout.sample"; sourceTree = "<group>"; };
		A49DDCB1B9BF7D262D43BBF7 /* 08a287051cdee3ec3d10775eea37922b4282ff */ = {isa = PBXFileReference; path = 08a287051cdee3ec3d10775eea37922b4282ff; sourceTree = "<group>"; };
		A6FE055BAE7D38F5B61A5380 /* 9ccac84373b10df6475be16076b6956fcf833d */ = {isa = PBXFileReference; path = 9ccac84373b10df6475be16076b6956fcf833d; sourceTree = "<group>"; };
		A7A6968913F5037E86AA046B /* 9de29bb2d1d6434b8b29ae775ad8c2e48c5391 */ = {isa = PBXFileReference; path = 9de29bb2d1d6434b8b29ae775ad8c2e48c5391; sourceTree = "<group>"; };
		AE457D52FE69A7A9A569FE8A /* bb708ef13a10dd49d6fecd72d185851b0909ce */ = {isa = PBXFileReference; path = bb708ef13a10dd49d6fecd72d185851b0909ce; sourceTree = "<group>"; };
		B162389BC3061191BAABCA61 /* main */ = {isa = PBXFileReference; path = main; sourceTree = "<group>"; };
		B463ECD1F0048D0E3459387E /* 580ac65bc08f7ca4901dd1fba76e95ebed0ef3 */ = {isa = PBXFileReference; path = 580ac65bc08f7ca4901dd1fba76e95ebed0ef3; sourceTree = "<group>"; };
		BBECD756A5F298873B2A37A1 /* 75fe1f460c1999171dec6b092f72d896530677 */ = {isa = PBXFileReference; path = 75fe1f460c1999171dec6b092f72d896530677; sourceTree = "<group>"; };
		BF41FAF4DDA186B428A049A6 /* d3af6ed24c7d255282b70fd5e1fae08431febd */ = {isa = PBXFileReference; path = d3af6ed24c7d255282b70fd5e1fae08431febd; sourceTree = "<group>"; };
		C0B26E7310BF98495E17D90E /* 0e56c338a9dd06138f73bd2a0a0a29fe290845 */ = {isa = PBXFileReference; path = 0e56c338a9dd06138f73bd2a0a0a29fe290845; sourceTree = "<group>"; };
		C7299ACD8784B0B385B885F1 /* LICENSE */ = {isa = PBXFileReference; path = LICENSE; sourceTree = "<group>"; };
		C9412B74F1E25DADD7B4EB07 /* 13b56c57848efce05faa7aa7e901ccfc2886ea */ = {isa = PBXFileReference; path = 13b56c57848efce05faa7aa7e901ccfc2886ea; sourceTree = "<group>"; };
		CA77CC609FBD73A362E743AB /* commit-msg.sample */ = {isa = PBXFileReference; path = "commit-msg.sample"; sourceTree = "<group>"; };
		D30071BE828A49FE51DFE420 /* 229cc7cf2831dd8e04cf1bd0c504b3723844b0 */ = {isa = PBXFileReference; path = 229cc7cf2831dd8e04cf1bd0c504b3723844b0; sourceTree = "<group>"; };
		D478F1F6B7EABAD6FF6FE548 /* exclude */ = {isa = PBXFileReference; path = exclude; sourceTree = "<group>"; };
		D98406334F1CC3D6D7776BEB /* pre-push.sample */ = {isa = PBXFileReference; path = "pre-push.sample"; sourceTree = "<group>"; };
		DA2ED1DC07B851B92AC2BD31 /* 587c68b97803c0be3b933531bd77382d7a9d26 */ = {isa = PBXFileReference; path = 587c68b97803c0be3b933531bd77382d7a9d26; sourceTree = "<group>"; };
		DBFC4F82B29596A4D8B8E53E /* index */ = {isa = PBXFileReference; path = index; sourceTree = "<group>"; };
		E1F1D0FC77BF51DDC88E2000 /* 4c7368ffa02fab2cff4f56ddccf1227a00633f */ = {isa = PBXFileReference; path = 4c7368ffa02fab2cff4f56ddccf1227a00633f; sourceTree = "<group>"; };
		E7F560C25754266CF2554642 /* 78b24096dc7c0afafd1f5673c83b769062f010 */ = {isa = PBXFileReference; path = 78b24096dc7c0afafd1f5673c83b769062f010; sourceTree = "<group>"; };
		EC3561D13A019BB7CECDDB2B /* .gitignore */ = {isa = PBXFileReference; path = .gitignore; sourceTree = "<group>"; };
		EEB0FA22F3E649B8BD4EAD6D /* README.md */ = {isa = PBXFileReference; lastKnownFileType = net.daringfireball.markdown; path = README.md; sourceTree = "<group>"; };
		F302B8C40FCAE6B5D4BBA97B /* f9a5f23a42eb86b105557566806a7aad5a4c71 */ = {isa = PBXFileReference; path = f9a5f23a42eb86b105557566806a7aad5a4c71; sourceTree = "<group>"; };
		F30F87D1289CE702737B4DA7 /* b9a47c612e4da1c9a62cf57696efd58efbc623 */ = {isa = PBXFileReference; path = b9a47c612e4da1c9a62cf57696efd58efbc623; sourceTree = "<group>"; };
		F81B8B9EED1023D84707BCF8 /* 2ff423ceb0472a0e003361bf023ec799fec90b */ = {isa = PBXFileReference; path = 2ff423ceb0472a0e003361bf023ec799fec90b; sourceTree = "<group>"; };
		FD82FA27E3DA6CE278CC926D /* 55c41d10fe3ca2d75d32a7b6a347fe7f57a42e */ = {isa = PBXFileReference; path = 55c41d10fe3ca2d75d32a7b6a347fe7f57a42e; sourceTree = "<group>"; };
/* End PBXFileReference section */

/* Begin PBXGroup section */
		01621A4360412C2B764439C8 /* 40 */ = {
			isa = PBXGroup;
			children = (
				82DB1FAFC608B2A6CB5949C8 /* 49843501ee0ec1acfb6bb841cba4d8fbc05d24 */,
			);
			path = 40;
			sourceTree = "<group>";
		};
		02C0CF7A566AA381F18A3B92 /* 70 */ = {
			isa = PBXGroup;
			children = (
				D30071BE828A49FE51DFE420 /* 229cc7cf2831dd8e04cf1bd0c504b3723844b0 */,
			);
			path = 70;
			sourceTree = "<group>";
		};
		07C612239B9BDDD511C50B5F /* refs */ = {
			isa = PBXGroup;
			children = (
				1DAB35799D00AFACEE1E659B /* heads */,
				E6DACFDFE40C2332B03B2A0A /* remotes */,
			);
			path = refs;
			sourceTree = "<group>";
		};
		101FCDC35EAD2587BC90F54E /* 96 */ = {
			isa = PBXGroup;
			children = (
				A6FE055BAE7D38F5B61A5380 /* 9ccac84373b10df6475be16076b6956fcf833d */,
			);
			path = 96;
			sourceTree = "<group>";
		};
		1593939EBD42AEC2C0AF7493 /* origin */ = {
			isa = PBXGroup;
			children = (
				B162389BC3061191BAABCA61 /* main */,
			);
			path = origin;
			sourceTree = "<group>";
		};
		19A67B61CABAA62FC648AF51 /* b8 */ = {
			isa = PBXGroup;
			children = (
				0579E3B955CEC5B78EA22011 /* d5c698b190d70a75b90985b08e6272610a471a */,
			);
			path = b8;
			sourceTree = "<group>";
		};
		1A14413ABA14BE544FC3B644 /* origin */ = {
			isa = PBXGroup;
			children = (
				42C04BFAC6039958E07424A6 /* main */,
			);
			path = origin;
			sourceTree = "<group>";
		};
		1DAB35799D00AFACEE1E659B /* heads */ = {
			isa = PBXGroup;
			children = (
				827DF67D138C9BE66EDC7DE7 /* main */,
			);
			path = heads;
			sourceTree = "<group>";
		};
		207999E06F804FD99AA36592 /* c2 */ = {
			isa = PBXGroup;
			children = (
				0C461C787F192E1DCAD90B33 /* 7ddfabb38bceef52d811de7389a441b2f0b619 */,
			);
			path = c2;
			sourceTree = "<group>";
		};
		22A5A0D290BD453E30C11185 /* 8c */ = {
			isa = PBXGroup;
			children = (
				029EC898711FA28920E577A9 /* 42aded2048c4e5e40ad9c55d676e74d2073e41 */,
			);
			path = 8c;
			sourceTree = "<group>";
		};
		2DC90DDE231A290E2D7AA887 /* d3 */ = {
			isa = PBXGroup;
			children = (
				19CA9818B77674505908CBF9 /* 124a18d05765bc7e356169ff85ef2b92bb6289 */,
			);
			path = d3;
			sourceTree = "<group>";
		};
		31CD62FD8786001477E3B364 /* f3 */ = {
			isa = PBXGroup;
			children = (
				E1F1D0FC77BF51DDC88E2000 /* 4c7368ffa02fab2cff4f56ddccf1227a00633f */,
			);
			path = f3;
			sourceTree = "<group>";
		};
		3416CF0C083ADEC2126B14DB /* 98 */ = {
			isa = PBXGroup;
			children = (
				5278F4C6B80AA437B92E1461 /* 14371f5645359a15a5ea8b89ab5b77ff346ab4 */,
			);
			path = 98;
			sourceTree = "<group>";
		};
		34A7CC8BF3B74BA5ACB7BE61 /* a1 */ = {
			isa = PBXGroup;
			children = (
				BBECD756A5F298873B2A37A1 /* 75fe1f460c1999171dec6b092f72d896530677 */,
			);
			path = a1;
			sourceTree = "<group>";
		};
		3EBB46746264079FC5D19663 /* 32 */ = {
			isa = PBXGroup;
			children = (
				14B9FBE88C926EF3B8BCE000 /* f93125c024f76b3c280b982d39bf7af61dd8c3 */,
			);
			path = 32;
			sourceTree = "<group>";
		};
		40B920862DF0F7CE36D8A824 /* hooks */ = {
			isa = PBXGroup;
			children = (
				2D4366B093F1AECF46FF092E /* applypatch-msg.sample */,
				CA77CC609FBD73A362E743AB /* commit-msg.sample */,
				9736D59D997124211AFAECDB /* fsmonitor-watchman.sample */,
				1343902882C3C203B2BE8C92 /* post-update.sample */,
				65C27A9285A471FE1107DC3F /* pre-applypatch.sample */,
				0FDF69726AFF78D5406CEB70 /* pre-commit.sample */,
				42B4D044071B9263BFE2CC10 /* pre-merge-commit.sample */,
				D98406334F1CC3D6D7776BEB /* pre-push.sample */,
				3AA49E6E44BE1EF297E5CE5D /* pre-rebase.sample */,
				510800803C51420714C704AB /* pre-receive.sample */,
				544DFF985596EF378D5A07D2 /* prepare-commit-msg.sample */,
				A3E9C6323FD5DC8307D77F4E /* push-to-checkout.sample */,
				21CA2213A98C7A47C2C7B6C2 /* sendemail-validate.sample */,
				35B9D776626D765223ABEA47 /* update.sample */,
			);
			path = hooks;
			sourceTree = "<group>";
		};
		418E2281852CF0CAD984CF64 /* Sources */ = {
			isa = PBXGroup;
			children = (
				9CBE692C1C366628D8025FD3 /* .gitkeep */,
			);
			path = Sources;
			sourceTree = "<group>";
		};
		4D6A840027C7BFDF807A458C /* db */ = {
			isa = PBXGroup;
			children = (
				36A49348FF321F5ED29AB4EB /* 8e3f6bc49e6f288f56709aa611a2840afccc8c */,
			);
			path = db;
			sourceTree = "<group>";
		};
		51F052E0A118145F756DDD06 /* 53 */ = {
			isa = PBXGroup;
			children = (
				44E165E59DAD6B9BDF6615B2 /* 077d09214d1f9307a9708bb2f148b8e8a677fb */,
			);
			path = 53;
			sourceTree = "<group>";
		};
		55FE98663F31D314DEEF193B /* 7d */ = {
			isa = PBXGroup;
			children = (
				6323E25D0062DA7524BA90F7 /* d97ca221e554e945ed2f79314bab7559f1a4c4 */,
			);
			path = 7d;
			sourceTree = "<group>";
		};
		57198BEE441E321264AA95DC /* 79 */ = {
			isa = PBXGroup;
			children = (
				3BC04B5A404E0D2B28FFB97B /* 587a5dee963070d3572f23562fe604f2f073c6 */,
			);
			path = 79;
			sourceTree = "<group>";
		};
		5A34CA2D00D3DEF0738CCF75 /* 63 */ = {
			isa = PBXGroup;
			children = (
				C9412B74F1E25DADD7B4EB07 /* 13b56c57848efce05faa7aa7e901ccfc2886ea */,
				6F586B9879D92620EC60A0D4 /* 2374968a9b343c961b38992d5e5da04d0bad1b */,
				F30F87D1289CE702737B4DA7 /* b9a47c612e4da1c9a62cf57696efd58efbc623 */,
			);
			path = 63;
			sourceTree = "<group>";
		};
		5C2ABF775604731AF257A5BA /* CPU_Meter */ = {
			isa = PBXGroup;
			children = (
				81BAA7B1829CF178851B96E2 /* .gitattributes */,
				EC3561D13A019BB7CECDDB2B /* .gitignore */,
				8409101901742F156EAC82B7 /* CPU_Meter.xcodeproj */,
				64CDA45E673F839BBDDF210B /* CPU_MeterApp.swift */,
				7B041F5B0797FE93A15513B2 /* CPUUsageSampler.swift */,
				90450665C714F67C70BD3677 /* GPUANESampler.swift */,
				494410D07102601FE1BD392C /* Info.plist */,
				C7299ACD8784B0B385B885F1 /* LICENSE */,
				062E5C7A09471FB20ACB23F9 /* OverlayView.swift */,
				24CF8243D6FFB87A698556AE /* project.yml */,
				EEB0FA22F3E649B8BD4EAD6D /* README.md */,
				8E0824981DE8BC4B45F9FB36 /* .git */,
				418E2281852CF0CAD984CF64 /* Sources */,
			);
			name = CPU_Meter;
			path = .;
			sourceTree = "<group>";
		};
		5E1ADDE352F836715D15D395 /* 4b */ = {
			isa = PBXGroup;
			children = (
				4871D7D3D97569872F9BD46A /* a3503032eaaeab707215d610ae6bbbcdb2ee60 */,
			);
			path = 4b;
			sourceTree = "<group>";
		};
		69B7ED7A41E505F6C06168A4 /* f1 */ = {
			isa = PBXGroup;
			children = (
				6C203F71FA4CEDD4C490D78A /* 70737f2837f989b5f4e432a87ec932aad88824 */,
			);
			path = f1;
			sourceTree = "<group>";
		};
		6C80F7D8493825B1D6ED257A /* 18 */ = {
			isa = PBXGroup;
			children = (
				A121C0B724DB8C347DA973F6 /* f007c16c4c51866178d3e1d21079e3369c82a6 */,
			);
			path = 18;
			sourceTree = "<group>";
		};
		6E66CB4BF796F4CD0841D5EA /* 09 */ = {
			isa = PBXGroup;
			children = (
				F302B8C40FCAE6B5D4BBA97B /* f9a5f23a42eb86b105557566806a7aad5a4c71 */,
			);
			path = 09;
			sourceTree = "<group>";
		};
		6FFA50C1D0A9D7A1A5DF4D45 /* heads */ = {
			isa = PBXGroup;
			children = (
				51693F9398C617EAA70BE5F1 /* main */,
			);
			path = heads;
			sourceTree = "<group>";
		};
		71C1E61F88B38BB5C63F2ED5 /* d5 */ = {
			isa = PBXGroup;
			children = (
				2E725F51B5AA8843E401E6D5 /* 64d0bc3dd917926892c55e3706cc116d5b165e */,
			);
			path = d5;
			sourceTree = "<group>";
		};
		72CF9E805A6690AD9740E6DC /* b5 */ = {
			isa = PBXGroup;
			children = (
				FD82FA27E3DA6CE278CC926D /* 55c41d10fe3ca2d75d32a7b6a347fe7f57a42e */,
			);
			path = b5;
			sourceTree = "<group>";
		};
		803F2CF16CA800B7832A2519 /* c6 */ = {
			isa = PBXGroup;
			children = (
				DA2ED1DC07B851B92AC2BD31 /* 587c68b97803c0be3b933531bd77382d7a9d26 */,
			);
			path = c6;
			sourceTree = "<group>";
		};
		839CDC7CEB8572E19C6F3426 /* e6 */ = {
			isa = PBXGroup;
			children = (
				A7A6968913F5037E86AA046B /* 9de29bb2d1d6434b8b29ae775ad8c2e48c5391 */,
			);
			path = e6;
			sourceTree = "<group>";
		};
		8450F0A91780B1C725CCB0B3 /* bb */ = {
			isa = PBXGroup;
			children = (
				96D145DF110D7E18F3F84C2A /* eef3eea7e128cc7bb035e84ee58723687c7258 */,
			);
			path = bb;
			sourceTree = "<group>";
		};
		8B04E5B85E94C6415CF1170B /* b1 */ = {
			isa = PBXGroup;
			children = (
				AE457D52FE69A7A9A569FE8A /* bb708ef13a10dd49d6fecd72d185851b0909ce */,
			);
			path = b1;
			sourceTree = "<group>";
		};
		8B631F746DC1EC40A5678E03 /* info */ = {
			isa = PBXGroup;
			children = (
				D478F1F6B7EABAD6FF6FE548 /* exclude */,
			);
			path = info;
			sourceTree = "<group>";
		};
		8D74F0E4C025813C62BA06E1 /* e9 */ = {
			isa = PBXGroup;
			children = (
				BF41FAF4DDA186B428A049A6 /* d3af6ed24c7d255282b70fd5e1fae08431febd */,
			);
			path = e9;
			sourceTree = "<group>";
		};
		8E0824981DE8BC4B45F9FB36 /* .git */ = {
			isa = PBXGroup;
			children = (
				19A77C04984E14DA190D12FF /* COMMIT_EDITMSG */,
				82B80AE6A73F05C6453E4DB7 /* config */,
				405BA53F9BCD018E61E207E3 /* description */,
				7DC4561FEC9FE7BC8DACFFC8 /* HEAD */,
				DBFC4F82B29596A4D8B8E53E /* index */,
				40B920862DF0F7CE36D8A824 /* hooks */,
				8B631F746DC1EC40A5678E03 /* info */,
				DF38751248D31839D278D618 /* logs */,
				9CE3A2148AEAC60201F88699 /* objects */,
				07C612239B9BDDD511C50B5F /* refs */,
			);
			path = .git;
			sourceTree = "<group>";
		};
		9479BE57FCF23DEB89D72F70 /* 46 */ = {
			isa = PBXGroup;
			children = (
				72EE150924C502307E33E0F7 /* 6827f47f492a14fa23ad72c4b1015091b1d93d */,
			);
			path = 46;
			sourceTree = "<group>";
		};
		9CE3A2148AEAC60201F88699 /* objects */ = {
			isa = PBXGroup;
			children = (
				EE872A391CE990C6B8A07B32 /* 1e */,
				CA0FD436B3B4B00680E17412 /* 2a */,
				BF40D448A6CFDA71C3F66FE0 /* 2f */,
				C5CBD88BE32FE9C475E0F4C5 /* 4a */,
				5E1ADDE352F836715D15D395 /* 4b */,
				DF12C259B80D353D3AE45029 /* 5c */,
				EF421FA27243D12C9035C886 /* 6a */,
				BA1AB93800FDAF91DBA7B916 /* 6e */,
				55FE98663F31D314DEEF193B /* 7d */,
				22A5A0D290BD453E30C11185 /* 8c */,
				6E66CB4BF796F4CD0841D5EA /* 09 */,
				6C80F7D8493825B1D6ED257A /* 18 */,
				F020CE858C7943307A9F3021 /* 24 */,
				3EBB46746264079FC5D19663 /* 32 */,
				01621A4360412C2B764439C8 /* 40 */,
				F4E246604DCBE54037785E60 /* 44 */,
				9479BE57FCF23DEB89D72F70 /* 46 */,
				9FB78C7D84032B7D9060C4F0 /* 48 */,
				51F052E0A118145F756DDD06 /* 53 */,
				5A34CA2D00D3DEF0738CCF75 /* 63 */,
				DF0D5E787196BDE6ED98C112 /* 69 */,
				02C0CF7A566AA381F18A3B92 /* 70 */,
				57198BEE441E321264AA95DC /* 79 */,
				B7F1C7ADB9B42441F3E1AB4C /* 81 */,
				BBAAF12F7DCBF17E4CC4F5FE /* 83 */,
				D46AC99A0D03A1D77F0532FD /* 91 */,
				101FCDC35EAD2587BC90F54E /* 96 */,
				3416CF0C083ADEC2126B14DB /* 98 */,
				34A7CC8BF3B74BA5ACB7BE61 /* a1 */,
				8B04E5B85E94C6415CF1170B /* b1 */,
				F6F3A1402A898899130D64CA /* b2 */,
				72CF9E805A6690AD9740E6DC /* b5 */,
				19A67B61CABAA62FC648AF51 /* b8 */,
				8450F0A91780B1C725CCB0B3 /* bb */,
				207999E06F804FD99AA36592 /* c2 */,
				803F2CF16CA800B7832A2519 /* c6 */,
				2DC90DDE231A290E2D7AA887 /* d3 */,
				71C1E61F88B38BB5C63F2ED5 /* d5 */,
				E9EDA663054271F8085B1DCD /* d9 */,
				4D6A840027C7BFDF807A458C /* db */,
				839CDC7CEB8572E19C6F3426 /* e6 */,
				8D74F0E4C025813C62BA06E1 /* e9 */,
				AEF06F2420D1CC062AA3EB72 /* ee */,
				69B7ED7A41E505F6C06168A4 /* f1 */,
				31CD62FD8786001477E3B364 /* f3 */,
			);
			path = objects;
			sourceTree = "<group>";
		};
		9FB78C7D84032B7D9060C4F0 /* 48 */ = {
			isa = PBXGroup;
			children = (
				6AAFD053ADC0335252136AAA /* 15f027b8ecb151216cbb53e9ed3142c86d266c */,
			);
			path = 48;
			sourceTree = "<group>";
		};
		AEF06F2420D1CC062AA3EB72 /* ee */ = {
			isa = PBXGroup;
			children = (
				F81B8B9EED1023D84707BCF8 /* 2ff423ceb0472a0e003361bf023ec799fec90b */,
			);
			path = ee;
			sourceTree = "<group>";
		};
		B2FB5D91F359EC6BAB3E5B5D = {
			isa = PBXGroup;
			children = (
				8E0824981DE8BC4B45F9FB36 /* .git */,
				5C2ABF775604731AF257A5BA /* CPU_Meter */,
				418E2281852CF0CAD984CF64 /* Sources */,
				CC7C4A3B7598994683610E6D /* Products */,
			);
			sourceTree = "<group>";
		};
		B7F1C7ADB9B42441F3E1AB4C /* 81 */ = {
			isa = PBXGroup;
			children = (
				5EB717DF296D94D81FA16788 /* 0f105c4e9b407f02dfbda870ab855170b0db16 */,
				4B76EF1D601254FCC2D88974 /* b6f1c9ef22d1b85b84e4f5a7bb9e979978505f */,
			);
			path = 81;
			sourceTree = "<group>";
		};
		BA1AB93800FDAF91DBA7B916 /* 6e */ = {
			isa = PBXGroup;
			children = (
				19944DA43CA40CDF59900B98 /* f87d73a2e649c8e08dbbb87332e5b953032468 */,
			);
			path = 6e;
			sourceTree = "<group>";
		};
		BBAAF12F7DCBF17E4CC4F5FE /* 83 */ = {
			isa = PBXGroup;
			children = (
				1BCF19B18FFFA8616D1FCDDB /* 9389f46cca3988593c9e1cab9274c55b110ad3 */,
			);
			path = 83;
			sourceTree = "<group>";
		};
		BF40D448A6CFDA71C3F66FE0 /* 2f */ = {
			isa = PBXGroup;
			children = (
				E7F560C25754266CF2554642 /* 78b24096dc7c0afafd1f5673c83b769062f010 */,
			);
			path = 2f;
			sourceTree = "<group>";
		};
		C5CBD88BE32FE9C475E0F4C5 /* 4a */ = {
			isa = PBXGroup;
			children = (
				60B321A50635C4EF8E0234F9 /* 86cb1f3cb539af6c4629e8f34757dff6fc0044 */,
			);
			path = 4a;
			sourceTree = "<group>";
		};
		CA0FD436B3B4B00680E17412 /* 2a */ = {
			isa = PBXGroup;
			children = (
				A49DDCB1B9BF7D262D43BBF7 /* 08a287051cdee3ec3d10775eea37922b4282ff */,
				2211BD4EC650D3B295D4F226 /* a4f978e82cd411b2f1f5ef01327f4b605a04e6 */,
			);
			path = 2a;
			sourceTree = "<group>";
		};
		CC7C4A3B7598994683610E6D /* Products */ = {
			isa = PBXGroup;
			children = (
				88655B13CD8885F9C1ABCFDE /* CPU_Meter.app */,
			);
			name = Products;
			sourceTree = "<group>";
		};
		D46AC99A0D03A1D77F0532FD /* 91 */ = {
			isa = PBXGroup;
			children = (
				18BAC55A6E2C3834D5190178 /* 9434a6254f0e9651f402737811be6634a03e9c */,
			);
			path = 91;
			sourceTree = "<group>";
		};
		D85755A298ACD84FFA11FCAD /* remotes */ = {
			isa = PBXGroup;
			children = (
				1A14413ABA14BE544FC3B644 /* origin */,
			);
			path = remotes;
			sourceTree = "<group>";
		};
		DF0D5E787196BDE6ED98C112 /* 69 */ = {
			isa = PBXGroup;
			children = (
				B463ECD1F0048D0E3459387E /* 580ac65bc08f7ca4901dd1fba76e95ebed0ef3 */,
			);
			path = 69;
			sourceTree = "<group>";
		};
		DF12C259B80D353D3AE45029 /* 5c */ = {
			isa = PBXGroup;
			children = (
				44C99910E6E23C4EE1DB6B12 /* 24e06a50f8631dab5d7f071f3ecc1050b99872 */,
			);
			path = 5c;
			sourceTree = "<group>";
		};
		DF38751248D31839D278D618 /* logs */ = {
			isa = PBXGroup;
			children = (
				44DFC11F79FB1B6F08FFBA2F /* HEAD */,
				EA421749DAF3D220FA70E933 /* refs */,
			);
			path = logs;
			sourceTree = "<group>";
		};
		E6DACFDFE40C2332B03B2A0A /* remotes */ = {
			isa = PBXGroup;
			children = (
				1593939EBD42AEC2C0AF7493 /* origin */,
			);
			path = remotes;
			sourceTree = "<group>";
		};
		E9EDA663054271F8085B1DCD /* d9 */ = {
			isa = PBXGroup;
			children = (
				32E6D7C9413C18FCDF31935F /* c19cc17a1d6452956495c8f392c3673f08a9eb */,
			);
			path = d9;
			sourceTree = "<group>";
		};
		EA421749DAF3D220FA70E933 /* refs */ = {
			isa = PBXGroup;
			children = (
				6FFA50C1D0A9D7A1A5DF4D45 /* heads */,
				D85755A298ACD84FFA11FCAD /* remotes */,
			);
			path = refs;
			sourceTree = "<group>";
		};
		EE872A391CE990C6B8A07B32 /* 1e */ = {
			isa = PBXGroup;
			children = (
				01ABF00D670C68EBDAB57FAB /* ff202af8e9a0f5b02548331e4a66ce1dc9eb48 */,
			);
			path = 1e;
			sourceTree = "<group>";
		};
		EF421FA27243D12C9035C886 /* 6a */ = {
			isa = PBXGroup;
			children = (
				111049949319DB7E62F76EA9 /* 53f3655ba104421b23efbef49cc3addfefa941 */,
			);
			path = 6a;
			sourceTree = "<group>";
		};
		F020CE858C7943307A9F3021 /* 24 */ = {
			isa = PBXGroup;
			children = (
				A2CB67CD7D3B58FFEC3F62D5 /* 55930c4bee8105b5a8ac0cb6b540421e3757ae */,
			);
			path = 24;
			sourceTree = "<group>";
		};
		F4E246604DCBE54037785E60 /* 44 */ = {
			isa = PBXGroup;
			children = (
				0D90F44A274698043FA6820C /* 22605dc27584c7f02056f31d2eb236b33dfa61 */,
			);
			path = 44;
			sourceTree = "<group>";
		};
		F6F3A1402A898899130D64CA /* b2 */ = {
			isa = PBXGroup;
			children = (
				C0B26E7310BF98495E17D90E /* 0e56c338a9dd06138f73bd2a0a0a29fe290845 */,
			);
			path = b2;
			sourceTree = "<group>";
		};
/* End PBXGroup section */

/* Begin PBXNativeTarget section */
		185DC716EAF587E38A5EEE47 /* CPU_Meter */ = {
			isa = PBXNativeTarget;
			buildConfigurationList = 6EE3A78370EC8DC31144CC42 /* Build configuration list for PBXNativeTarget "CPU_Meter" */;
			buildPhases = (
				4BD27F9509E1C58F118FA7D2 /* Sources */,
				F8BB6BADD6CBDC1D880DE69D /* Resources */,
			);
			buildRules = (
			);
			dependencies = (
			);
			name = CPU_Meter;
			packageProductDependencies = (
			);
			productName = CPU_Meter;
			productReference = 88655B13CD8885F9C1ABCFDE /* CPU_Meter.app */;
			productType = "com.apple.product-type.application";
		};
/* End PBXNativeTarget section */

/* Begin PBXProject section */
		6A1EAA6D875B9C1388BC9B99 /* Project object */ = {
			isa = PBXProject;
			attributes = {
				BuildIndependentTargetsInParallel = YES;
				LastUpgradeCheck = 1430;
				TargetAttributes = {
					185DC716EAF587E38A5EEE47 = {
						DevelopmentTeam = "";
					};
				};
			};
			buildConfigurationList = 5536FEF8BFFA372A6917D2C4 /* Build configuration list for PBXProject "CPU_Meter" */;
			compatibilityVersion = "Xcode 14.0";
			developmentRegion = en;
			hasScannedForEncodings = 0;
			knownRegions = (
				Base,
				en,
			);
			mainGroup = B2FB5D91F359EC6BAB3E5B5D;
			minimizedProjectReferenceProxies = 1;
			preferredProjectObjectVersion = 77;
			projectDirPath = "";
			projectRoot = "";
			targets = (
				185DC716EAF587E38A5EEE47 /* CPU_Meter */,
			);
		};
/* End PBXProject section */

/* Begin PBXResourcesBuildPhase section */
		F8BB6BADD6CBDC1D880DE69D /* Resources */ = {
			isa = PBXResourcesBuildPhase;
			buildActionMask = 2147483647;
			files = (
				F622969BA31FCB8325346074 /* CPU_Meter.xcodeproj in Resources */,
				82EE1DC7CCCEECCACA761D3E /* README.md in Resources */,
				144E4D8855F00991DCF8992F /* applypatch-msg.sample in Resources */,
				0550043341BB252941EDF50A /* commit-msg.sample in Resources */,
				4D18D06B0BFF3095ED637432 /* fsmonitor-watchman.sample in Resources */,
				37C95386CDF055B37526A3FA /* post-update.sample in Resources */,
				78A76A1EE26A385FFCFE9BD8 /* pre-applypatch.sample in Resources */,
				901B6C3E31372F0EC8BD1857 /* pre-commit.sample in Resources */,
				35CF22847C482579CF28DD62 /* pre-merge-commit.sample in Resources */,
				1D9E4F4B48AFDF79165AFD46 /* pre-push.sample in Resources */,
				ECF1557C86752A65DFB089BA /* pre-rebase.sample in Resources */,
				CC85488D0341A0F5639D0711 /* pre-receive.sample in Resources */,
				06F4DF70544C5F17ADEF3199 /* prepare-commit-msg.sample in Resources */,
				B970EE71EBC7BEF191F4FE5B /* project.yml in Resources */,
				7AF2638C39A291E98170F3E0 /* push-to-checkout.sample in Resources */,
				28DBF0ED4B1AC2D03D08D9B6 /* sendemail-validate.sample in Resources */,
				3A201F25CD3977BBB8040444 /* update.sample in Resources */,
			);
			runOnlyForDeploymentPostprocessing = 0;
		};
/* End PBXResourcesBuildPhase section */

/* Begin PBXSourcesBuildPhase section */
		4BD27F9509E1C58F118FA7D2 /* Sources */ = {
			isa = PBXSourcesBuildPhase;
			buildActionMask = 2147483647;
			files = (
				7CEEAAFC909603529F9190C2 /* CPUUsageSampler.swift in Sources */,
				D5D71B9D995C8F99AA51F26B /* CPU_MeterApp.swift in Sources */,
				C90F3B53644D1C2C1FF37BF7 /* GPUANESampler.swift in Sources */,
				45BB52FF001CEB0A1483CDCF /* OverlayView.swift in Sources */,
			);
			runOnlyForDeploymentPostprocessing = 0;
		};
/* End PBXSourcesBuildPhase section */

/* Begin XCBuildConfiguration section */
		2C79A5FE9E510A1BD313233E /* Debug */ = {
			isa = XCBuildConfiguration;
			buildSettings = {
				ALWAYS_SEARCH_USER_PATHS = NO;
				CLANG_ANALYZER_NONNULL = YES;
				CLANG_ANALYZER_NUMBER_OBJECT_CONVERSION = YES_AGGRESSIVE;
				CLANG_CXX_LANGUAGE_STANDARD = "gnu++14";
				CLANG_CXX_LIBRARY = "libc++";
				CLANG_ENABLE_MODULES = YES;
				CLANG_ENABLE_OBJC_ARC = YES;
				CLANG_ENABLE_OBJC_WEAK = YES;
				CLANG_WARN_BLOCK_CAPTURE_AUTORELEASING = YES;
				CLANG_WARN_BOOL_CONVERSION = YES;
				CLANG_WARN_COMMA = YES;
				CLANG_WARN_CONSTANT_CONVERSION = YES;
				CLANG_WARN_DEPRECATED_OBJC_IMPLEMENTATIONS = YES;
				CLANG_WARN_DIRECT_OBJC_ISA_USAGE = YES_ERROR;
				CLANG_WARN_DOCUMENTATION_COMMENTS = YES;
				CLANG_WARN_EMPTY_BODY = YES;
				CLANG_WARN_ENUM_CONVERSION = YES;
				CLANG_WARN_INFINITE_RECURSION = YES;
				CLANG_WARN_INT_CONVERSION = YES;
				CLANG_WARN_NON_LITERAL_NULL_CONVERSION = YES;
				CLANG_WARN_OBJC_IMPLICIT_RETAIN_SELF = YES;
				CLANG_WARN_OBJC_LITERAL_CONVERSION = YES;
				CLANG_WARN_OBJC_ROOT_CLASS = YES_ERROR;
				CLANG_WARN_QUOTED_INCLUDE_IN_FRAMEWORK_HEADER = YES;
				CLANG_WARN_RANGE_LOOP_ANALYSIS = YES;
				CLANG_WARN_STRICT_PROTOTYPES = YES;
				CLANG_WARN_SUSPICIOUS_MOVE = YES;
				CLANG_WARN_UNGUARDED_AVAILABILITY = YES_AGGRESSIVE;
				CLANG_WARN_UNREACHABLE_CODE = YES;
				CLANG_WARN__DUPLICATE_METHOD_MATCH = YES;
				COPY_PHASE_STRIP = NO;
				DEBUG_INFORMATION_FORMAT = dwarf;
				ENABLE_STRICT_OBJC_MSGSEND = YES;
				ENABLE_TESTABILITY = YES;
				GCC_C_LANGUAGE_STANDARD = gnu11;
				GCC_DYNAMIC_NO_PIC = NO;
				GCC_NO_COMMON_BLOCKS = YES;
				GCC_OPTIMIZATION_LEVEL = 0;
				GCC_PREPROCESSOR_DEFINITIONS = (
					"$(inherited)",
					"DEBUG=1",
				);
				GCC_WARN_64_TO_32_BIT_CONVERSION = YES;
				GCC_WARN_ABOUT_RETURN_TYPE = YES_ERROR;
				GCC_WARN_UNDECLARED_SELECTOR = YES;
				GCC_WARN_UNINITIALIZED_AUTOS = YES_AGGRESSIVE;
				GCC_WARN_UNUSED_FUNCTION = YES;
				GCC_WARN_UNUSED_VARIABLE = YES;
				MACOSX_DEPLOYMENT_TARGET = 13.0;
				MTL_ENABLE_DEBUG_INFO = INCLUDE_SOURCE;
				MTL_FAST_MATH = YES;
				ONLY_ACTIVE_ARCH = YES;
				PRODUCT_NAME = "$(TARGET_NAME)";
				SDKROOT = macosx;
				SWIFT_ACTIVE_COMPILATION_CONDITIONS = DEBUG;
				SWIFT_OPTIMIZATION_LEVEL = "-Onone";
				SWIFT_VERSION = 5.0;
			};
			name = Debug;
		};
		79E150E8DA7345D9FE3C1DE2 /* Debug */ = {
			isa = XCBuildConfiguration;
			buildSettings = {
				ASSETCATALOG_COMPILER_APPICON_NAME = AppIcon;
				CODE_SIGN_IDENTITY = "-";
				COMBINE_HIDPI_IMAGES = YES;
				DEVELOPMENT_TEAM = "";
				GENERATE_INFOPLIST_FILE = YES;
				INFOPLIST_FILE = Info.plist;
				LD_RUNPATH_SEARCH_PATHS = (
					"$(inherited)",
					"@executable_path/../Frameworks",
				);
				MACOSX_DEPLOYMENT_TARGET = 13.0;
				PRODUCT_BUNDLE_IDENTIFIER = "com.jbelvoncik.CPU-Meter";
				PRODUCT_NAME = CPU_Meter;
				SDKROOT = macosx;
				SUPPORTS_MACCATALYST = NO;
				SWIFT_VERSION = 5.9;
			};
			name = Debug;
		};
		92072CAF20FC0269E6A1CF4E /* Release */ = {
			isa = XCBuildConfiguration;
			buildSettings = {
				ALWAYS_SEARCH_USER_PATHS = NO;
				CLANG_ANALYZER_NONNULL = YES;
				CLANG_ANALYZER_NUMBER_OBJECT_CONVERSION = YES_AGGRESSIVE;
				CLANG_CXX_LANGUAGE_STANDARD = "gnu++14";
				CLANG_CXX_LIBRARY = "libc++";
				CLANG_ENABLE_MODULES = YES;
				CLANG_ENABLE_OBJC_ARC = YES;
				CLANG_ENABLE_OBJC_WEAK = YES;
				CLANG_WARN_BLOCK_CAPTURE_AUTORELEASING = YES;
				CLANG_WARN_BOOL_CONVERSION = YES;
				CLANG_WARN_COMMA = YES;
				CLANG_WARN_CONSTANT_CONVERSION = YES;
				CLANG_WARN_DEPRECATED_OBJC_IMPLEMENTATIONS = YES;
				CLANG_WARN_DIRECT_OBJC_ISA_USAGE = YES_ERROR;
				CLANG_WARN_DOCUMENTATION_COMMENTS = YES;
				CLANG_WARN_EMPTY_BODY = YES;
				CLANG_WARN_ENUM_CONVERSION = YES;
				CLANG_WARN_INFINITE_RECURSION = YES;
				CLANG_WARN_INT_CONVERSION = YES;
				CLANG_WARN_NON_LITERAL_NULL_CONVERSION = YES;
				CLANG_WARN_OBJC_IMPLICIT_RETAIN_SELF = YES;
				CLANG_WARN_OBJC_LITERAL_CONVERSION = YES;
				CLANG_WARN_OBJC_ROOT_CLASS = YES_ERROR;
				CLANG_WARN_QUOTED_INCLUDE_IN_FRAMEWORK_HEADER = YES;
				CLANG_WARN_RANGE_LOOP_ANALYSIS = YES;
				CLANG_WARN_STRICT_PROTOTYPES = YES;
				CLANG_WARN_SUSPICIOUS_MOVE = YES;
				CLANG_WARN_UNGUARDED_AVAILABILITY = YES_AGGRESSIVE;
				CLANG_WARN_UNREACHABLE_CODE = YES;
				CLANG_WARN__DUPLICATE_METHOD_MATCH = YES;
				COPY_PHASE_STRIP = NO;
				DEBUG_INFORMATION_FORMAT = "dwarf-with-dsym";
				ENABLE_NS_ASSERTIONS = NO;
				ENABLE_STRICT_OBJC_MSGSEND = YES;
				GCC_C_LANGUAGE_STANDARD = gnu11;
				GCC_NO_COMMON_BLOCKS = YES;
				GCC_WARN_64_TO_32_BIT_CONVERSION = YES;
				GCC_WARN_ABOUT_RETURN_TYPE = YES_ERROR;
				GCC_WARN_UNDECLARED_SELECTOR = YES;
				GCC_WARN_UNINITIALIZED_AUTOS = YES_AGGRESSIVE;
				GCC_WARN_UNUSED_FUNCTION = YES;
				GCC_WARN_UNUSED_VARIABLE = YES;
				MACOSX_DEPLOYMENT_TARGET = 13.0;
				MTL_ENABLE_DEBUG_INFO = NO;
				MTL_FAST_MATH = YES;
				PRODUCT_NAME = "$(TARGET_NAME)";
				SDKROOT = macosx;
				SWIFT_COMPILATION_MODE = wholemodule;
				SWIFT_OPTIMIZATION_LEVEL = "-O";
				SWIFT_VERSION = 5.0;
			};
			name = Release;
		};
		ADD2F97D17F00552EAD7A423 /* Release */ = {
			isa = XCBuildConfiguration;
			buildSettings = {
				ASSETCATALOG_COMPILER_APPICON_NAME = AppIcon;
				CODE_SIGN_IDENTITY = "-";
				COMBINE_HIDPI_IMAGES = YES;
				DEVELOPMENT_TEAM = "";
				GENERATE_INFOPLIST_FILE = YES;
				INFOPLIST_FILE = Info.plist;
				LD_RUNPATH_SEARCH_PATHS = (
					"$(inherited)",
					"@executable_path/../Frameworks",
				);
				MACOSX_DEPLOYMENT_TARGET = 13.0;
				PRODUCT_BUNDLE_IDENTIFIER = "com.jbelvoncik.CPU-Meter";
				PRODUCT_NAME = CPU_Meter;
				SDKROOT = macosx;
				SUPPORTS_MACCATALYST = NO;
				SWIFT_VERSION = 5.9;
			};
			name = Release;
		};
/* End XCBuildConfiguration section */

/* Begin XCConfigurationList section */
		5536FEF8BFFA372A6917D2C4 /* Build configuration list for PBXProject "CPU_Meter" */ = {
			isa = XCConfigurationList;
			buildConfigurations = (
				2C79A5FE9E510A1BD313233E /* Debug */,
				92072CAF20FC0269E6A1CF4E /* Release */,
			);
			defaultConfigurationIsVisible = 0;
			defaultConfigurationName = Debug;
		};
		6EE3A78370EC8DC31144CC42 /* Build configuration list for PBXNativeTarget "CPU_Meter" */ = {
			isa = XCConfigurationList;
			buildConfigurations = (
				79E150E8DA7345D9FE3C1DE2 /* Debug */,
				ADD2F97D17F00552EAD7A423 /* Release */,
			);
			defaultConfigurationIsVisible = 0;
			defaultConfigurationName = Debug;
		};
/* End XCConfigurationList section */
	};
	rootObject = 6A1EAA6D875B9C1388BC9B99 /* Project object */;
}
